
Microsoft Visual Studio Solution File, Format Version 12.00
# Visual Studio Version 16
VisualStudioVersion = 16.0.31605.320
MinimumVisualStudioVersion = 10.0.40219.1
Project("{FAE04EC0-301F-11D3-BF4B-00C04F79EFBC}") = "PresentacionCompilador", "PresentacionCompilador\PresentacionCompilador.csproj", "{429CBC34-3387-498F-8BD7-96A597A8A904}"
EndProject
Project("{FAE04EC0-301F-11D3-BF4B-00C04F79EFBC}") = "EntidadesCompilador", "EntidadesCompilador\EntidadesCompilador.csproj", "{90258F4F-00A0-4CE1-9D2D-24123DB9777F}"
EndProject
Project("{FAE04EC0-301F-11D3-BF4B-00C04F79EFBC}") = "ManejadorCompilador", "ManejadorCompilador\ManejadorCompilador.csproj", "{96737641-91FA-4398-AA86-AF7C90C294E6}"
EndProject
Global
	GlobalSection(SolutionConfigurationPlatforms) = preSolution
		Debug|Any CPU = Debug|Any CPU
		Release|Any CPU = Release|Any CPU
	EndGlobalSection
	GlobalSection(ProjectConfigurationPlatforms) = postSolution
		{429CBC34-3387-498F-8BD7-96A597A8A904}.Debug|Any CPU.ActiveCfg = Debug|Any CPU
		{429CBC34-3387-498F-8BD7-96A597A8A904}.Debug|Any CPU.Build.0 = Debug|Any CPU
		{429CBC34-3387-498F-8BD7-96A597A8A904}.Release|Any CPU.ActiveCfg = Release|Any CPU
		{429CBC34-3387-498F-8BD7-96A597A8A904}.Release|Any CPU.Build.0 = Release|Any CPU
		{90258F4F-00A0-4CE1-9D2D-24123DB9777F}.Debug|Any CPU.ActiveCfg = Debug|Any CPU
		{90258F4F-00A0-4CE1-9D2D-24123DB9777F}.Debug|Any CPU.Build.0 = Debug|Any CPU
		{90258F4F-00A0-4CE1-9D2D-24123DB9777F}.Release|Any CPU.ActiveCfg = Release|Any CPU
		{90258F4F-00A0-4CE1-9D2D-24123DB9777F}.Release|Any CPU.Build.0 = Release|Any CPU
		{96737641-91FA-4398-AA86-AF7C90C294E6}.Debug|Any CPU.ActiveCfg = Debug|Any CPU
		{96737641-91FA-4398-AA86-AF7C90C294E6}.Debug|Any CPU.Build.0 = Debug|Any CPU
		{96737641-91FA-4398-AA86-AF7C90C294E6}.Release|Any CPU.ActiveCfg = Release|Any CPU
		{96737641-91FA-4398-AA86-AF7C90C294E6}.Release|Any CPU.Build.0 = Release|Any CPU
	EndGlobalSection
	GlobalSection(SolutionProperties) = preSolution
		HideSolutionNode = FALSE
	EndGlobalSection
	GlobalSection(ExtensibilityGlobals) = postSolution
		SolutionGuid = {25495457-8165-458C-A00F-FFB40E04A1C3}
	EndGlobalSection
EndGlobal
